
Microsoft Visual Studio Solution File, Format Version 12.00
# Visual Studio Version 17
VisualStudioVersion = 17.5.33502.453
MinimumVisualStudioVersion = 10.0.40219.1
Project("{FAE04EC0-301F-11D3-BF4B-00C04F79EFBC}") = "ProyectoU1P2", "ProyectoU1P2.csproj", "{7F4FAB65-E941-4282-BA6E-0ACB7C31DC22}"
EndProject
Global
	GlobalSection(SolutionConfigurationPlatforms) = preSolution
		Debug|Any CPU = Debug|Any CPU
		Release|Any CPU = Release|Any CPU
	EndGlobalSection
	GlobalSection(ProjectConfigurationPlatforms) = postSolution
		{7F4FAB65-E941-4282-BA6E-0ACB7C31DC22}.Debug|Any CPU.ActiveCfg = Debug|Any CPU
		{7F4FAB65-E941-4282-BA6E-0ACB7C31DC22}.Debug|Any CPU.Build.0 = Debug|Any CPU
		{7F4FAB65-E941-4282-BA6E-0ACB7C31DC22}.Release|Any CPU.ActiveCfg = Release|Any CPU
		{7F4FAB65-E941-4282-BA6E-0ACB7C31DC22}.Release|Any CPU.Build.0 = Release|Any CPU
	EndGlobalSection
	GlobalSection(SolutionProperties) = preSolution
		HideSolutionNode = FALSE
	EndGlobalSection
	GlobalSection(ExtensibilityGlobals) = postSolution
		SolutionGuid = {E84B1EF5-35B4-4657-9DC0-8174A4484C50}
	EndGlobalSection
EndGlobal
